
Microsoft Visual Studio Solution File, Format Version 12.00
# Visual Studio Version 17
VisualStudioVersion = 17.7.34202.233
MinimumVisualStudioVersion = 10.0.40219.1
Project("{8BC9CEB8-8B4A-11D0-8D11-00A0C91BC942}") = "WY_2023_12_28", "WY_2023_12_28\WY_2023_12_28.vcxproj", "{84C97453-2376-4797-91BE-0CFE9C88F10A}"
EndProject
Global
	GlobalSection(SolutionConfigurationPlatforms) = preSolution
		Debug|x64 = Debug|x64
		Debug|x86 = Debug|x86
		Release|x64 = Release|x64
		Release|x86 = Release|x86
	EndGlobalSection
	GlobalSection(ProjectConfigurationPlatforms) = postSolution
		{84C97453-2376-4797-91BE-0CFE9C88F10A}.Debug|x64.ActiveCfg = Debug|x64
		{84C97453-2376-4797-91BE-0CFE9C88F10A}.Debug|x64.Build.0 = Debug|x64
		{84C97453-2376-4797-91BE-0CFE9C88F10A}.Debug|x86.ActiveCfg = Debug|Win32
		{84C97453-2376-4797-91BE-0CFE9C88F10A}.Debug|x86.Build.0 = Debug|Win32
		{84C97453-2376-4797-91BE-0CFE9C88F10A}.Release|x64.ActiveCfg = Release|x64
		{84C97453-2376-4797-91BE-0CFE9C88F10A}.Release|x64.Build.0 = Release|x64
		{84C97453-2376-4797-91BE-0CFE9C88F10A}.Release|x86.ActiveCfg = Release|Win32
		{84C97453-2376-4797-91BE-0CFE9C88F10A}.Release|x86.Build.0 = Release|Win32
	EndGlobalSection
	GlobalSection(SolutionProperties) = preSolution
		HideSolutionNode = FALSE
	EndGlobalSection
	GlobalSection(ExtensibilityGlobals) = postSolution
		SolutionGuid = {1D6D7A9A-9C31-40D2-9BA6-E8E34F7E3926}
	EndGlobalSection
EndGlobal
